
Microsoft Visual Studio Solution File, Format Version 12.00
# Visual Studio Version 17
VisualStudioVersion = 17.9.34701.34
MinimumVisualStudioVersion = 10.0.40219.1
Project("{888888A0-9F3D-457C-B088-3A5042F75D52}") = "finally-main", "finally-main.pyproj", "{D1B76492-DBB9-42C2-8F4F-A213BB079265}"
EndProject
Global
	GlobalSection(SolutionConfigurationPlatforms) = preSolution
		Debug|Any CPU = Debug|Any CPU
		Release|Any CPU = Release|Any CPU
	EndGlobalSection
	GlobalSection(ProjectConfigurationPlatforms) = postSolution
		{D1B76492-DBB9-42C2-8F4F-A213BB079265}.Debug|Any CPU.ActiveCfg = Debug|Any CPU
		{D1B76492-DBB9-42C2-8F4F-A213BB079265}.Release|Any CPU.ActiveCfg = Release|Any CPU
	EndGlobalSection
	GlobalSection(SolutionProperties) = preSolution
		HideSolutionNode = FALSE
	EndGlobalSection
	GlobalSection(ExtensibilityGlobals) = postSolution
		SolutionGuid = {E9AC367C-3434-4C03-9010-A1F931CC59A9}
	EndGlobalSection
EndGlobal
